lockfileVersion: '6.0'

settings:
  autoInstallPeers: true
  excludeLinksFromLockfile: false

importers:

  .: {}

  packages/client:
    dependencies:
      '@sociosarbis/vscode-ext-server':
        specifier: workspace:*
        version: link:../server
      '@volar/language-server':
        specifier: ^2.3.4
        version: 2.3.4
      '@volar/vscode':
        specifier: ^2.3.4
        version: 2.3.4
      tencent-mars-xlog:
        specifier: workspace:*
        version: link:../tencent-mars-xlog-rust
      vscode-languageclient:
        specifier: ^9.0.1
        version: 9.0.1
    devDependencies:
      '@types/vscode':
        specifier: ^1.91.0
        version: 1.91.0
      typescript:
        specifier: ^5.5.4
        version: 5.5.4

  packages/server:
    dependencies:
      '@volar/language-core':
        specifier: ^2.3.4
        version: 2.3.4
      '@volar/language-server':
        specifier: ^2.3.4
        version: 2.3.4
      '@volar/language-service':
        specifier: ^2.3.4
        version: 2.3.4
      volar-service-css:
        specifier: ^0.0.54
        version: 0.0.54(@volar/language-service@2.3.4)
      volar-service-html:
        specifier: ^0.0.54
        version: 0.0.54(@volar/language-service@2.3.4)
      vscode-html-languageservice:
        specifier: ^5.3.0
        version: 5.3.0
    devDependencies:
      typescript:
        specifier: ^5.5.4
        version: 5.5.4
      vscode-uri:
        specifier: ^3.0.8
        version: 3.0.8

  packages/tencent-mars-xlog-rust:
    devDependencies:
      '@napi-rs/cli':
        specifier: ^2.15.2
        version: 2.15.2

packages:

  /@napi-rs/cli@2.15.2:
    resolution: {integrity: sha512-80tBCtCnEhAmFtB9oPM0FL74uW7fAmtpeqjvERH7Q1z/aZzCAs/iNfE7U3ehpwg9Q07Ob2Eh/+1guyCdX/p24w==}
    engines: {node: '>= 10'}
    hasBin: true
    dev: true

  /@types/vscode@1.91.0:
    resolution: {integrity: sha512-PgPr+bUODjG3y+ozWUCyzttqR9EHny9sPAfJagddQjDwdtf66y2sDKJMnFZRuzBA2YtBGASqJGPil8VDUPvO6A==}
    dev: true

  /@volar/language-core@2.3.4:
    resolution: {integrity: sha512-wXBhY11qG6pCDAqDnbBRFIDSIwbqkWI7no+lj5+L7IlA7HRIjRP7YQLGzT0LF4lS6eHkMSsclXqy9DwYJasZTQ==}
    dependencies:
      '@volar/source-map': 2.3.4
    dev: false

  /@volar/language-server@2.3.4:
    resolution: {integrity: sha512-I0usa8dI0nTVTqbNyVTQNMDMOHeOaBs84Onmr6oJH3K0EiqLb+Py/Zd5hP/mX22P6MQLhPI2cMVmk0DrSyZFaw==}
    dependencies:
      '@volar/language-core': 2.3.4
      '@volar/language-service': 2.3.4
      '@volar/snapshot-document': 2.3.4
      '@volar/typescript': 2.3.4
      path-browserify: 1.0.1
      request-light: 0.7.0
      vscode-languageserver: 9.0.1
      vscode-languageserver-protocol: 3.17.5
      vscode-languageserver-textdocument: 1.0.11
      vscode-uri: 3.0.8
    dev: false

  /@volar/language-service@2.3.4:
    resolution: {integrity: sha512-mtzvYb33l17VVRwmX7C39EjVHBU9LbBJeo1rLXFKoXOzbZCanm0XtPZEENsm05VUvse929y4ParujW7k4G5H0w==}
    dependencies:
      '@volar/language-core': 2.3.4
      vscode-languageserver-protocol: 3.17.5
      vscode-languageserver-textdocument: 1.0.11
      vscode-uri: 3.0.8
    dev: false

  /@volar/snapshot-document@2.3.4:
    resolution: {integrity: sha512-mSyxrKWa181r5Hv7CRjwrYXEnzqBLJ3M2Nse9+0KPRff2pAGIx0yl03O7e3Z7IyvMAkXxv3MIVYvP14zY3gVEQ==}
    dependencies:
      vscode-languageserver-protocol: 3.17.5
      vscode-languageserver-textdocument: 1.0.11
    dev: false

  /@volar/source-map@2.3.4:
    resolution: {integrity: sha512-C+t63nwcblqLIVTYXaVi/+gC8NukDaDIQI72J3R7aXGvtgaVB16c+J8Iz7/VfOy7kjYv7lf5GhBny6ACw9fTGQ==}
    dev: false

  /@volar/typescript@2.3.4:
    resolution: {integrity: sha512-acCvt7dZECyKcvO5geNybmrqOsu9u8n5XP1rfiYsOLYGPxvHRav9BVmEdRyZ3vvY6mNyQ1wLL5Hday4IShe17w==}
    dependencies:
      '@volar/language-core': 2.3.4
      path-browserify: 1.0.1
      vscode-uri: 3.0.8
    dev: false

  /@volar/vscode@2.3.4:
    resolution: {integrity: sha512-rdsFjEvRiQbh16a/vhp64aQ/7nxpbWGIC8NmTkaXRCH1YBCMs/06akhXy7lriw3XDDtv9/ntu2eMZgIGnyohIw==}
    dependencies:
      '@volar/language-server': 2.3.4
      path-browserify: 1.0.1
      vscode-languageclient: 9.0.1
      vscode-nls: 5.2.0
    dev: false

  /@vscode/l10n@0.0.18:
    resolution: {integrity: sha512-KYSIHVmslkaCDyw013pphY+d7x1qV8IZupYfeIfzNA+nsaWHbn5uPuQRvdRFsa9zFzGeudPuoGoZ1Op4jrJXIQ==}
    dev: false

  /balanced-match@1.0.2:
    resolution: {integrity: sha512-3oSeUO0TMV67hN1AmbXsK4yaqU7tjiHlbxRDZOpH0KW9+CeX4bRAaX0Anxt0tx2MrpRpWwQaPwIlISEJhYU5Pw==}
    dev: false

  /brace-expansion@2.0.1:
    resolution: {integrity: sha512-XnAIvQ8eM+kC6aULx6wuQiwVsnzsi9d3WxzV3FpWTGA19F621kwdbsAcFKXgKUHZWsy+mY6iL1sHTxWEFCytDA==}
    dependencies:
      balanced-match: 1.0.2
    dev: false

  /minimatch@5.1.6:
    resolution: {integrity: sha512-lKwV/1brpG6mBUFHtb7NUmtABCb2WZZmm2wNiOA5hAb8VdCS4B3dtMWyvcoViccwAW/COERjXLt0zP1zXUN26g==}
    engines: {node: '>=10'}
    dependencies:
      brace-expansion: 2.0.1
    dev: false

  /path-browserify@1.0.1:
    resolution: {integrity: sha512-b7uo2UCUOYZcnF/3ID0lulOJi/bafxa1xPe7ZPsammBSpjSWQkjNxlt635YGS2MiR9GjvuXCtz2emr3jbsz98g==}
    dev: false

  /request-light@0.7.0:
    resolution: {integrity: sha512-lMbBMrDoxgsyO+yB3sDcrDuX85yYt7sS8BfQd11jtbW/z5ZWgLZRcEGLsLoYw7I0WSUGQBs8CC8ScIxkTX1+6Q==}
    dev: false

  /semver@7.6.3:
    resolution: {integrity: sha512-oVekP1cKtI+CTDvHWYFUcMtsK/00wmAEfyqKfNdARm8u1wNVhSgaX7A8d4UuIlUI5e84iEwOhs7ZPYRmzU9U6A==}
    engines: {node: '>=10'}
    hasBin: true
    dev: false

  /typescript@5.5.4:
    resolution: {integrity: sha512-Mtq29sKDAEYP7aljRgtPOpTvOfbwRWlS6dPRzwjdE+C0R4brX/GUyhHSecbHMFLNBLcJIPt9nl9yG5TZ1weH+Q==}
    engines: {node: '>=14.17'}
    hasBin: true
    dev: true

  /volar-service-css@0.0.54(@volar/language-service@2.3.4):
    resolution: {integrity: sha512-YU7kOVnH0THS7aBQ+GspRN3HNu4MgyIXQCJtog8ftwANMjR7C3G9DCAQD6+DG5B3g62eQd4tGDQe/0nRZEEtUQ==}
    peerDependencies:
      '@volar/language-service': ~2.3.1
    peerDependenciesMeta:
      '@volar/language-service':
        optional: true
    dependencies:
      '@volar/language-service': 2.3.4
      vscode-css-languageservice: 6.3.0
      vscode-languageserver-textdocument: 1.0.11
      vscode-uri: 3.0.8
    dev: false

  /volar-service-html@0.0.54(@volar/language-service@2.3.4):
    resolution: {integrity: sha512-FibBrjlzBNiSWrdTj+P+H1dpJ3blJ8N7I+Y9T0r6N0+1nD4Ly88LDsN4EKG7DjyNIh0MDtNBotTT96UiRRurSg==}
    peerDependencies:
      '@volar/language-service': ~2.3.1
    peerDependenciesMeta:
      '@volar/language-service':
        optional: true
    dependencies:
      '@volar/language-service': 2.3.4
      vscode-html-languageservice: 5.3.0
      vscode-languageserver-textdocument: 1.0.11
      vscode-uri: 3.0.8
    dev: false

  /vscode-css-languageservice@6.3.0:
    resolution: {integrity: sha512-nU92imtkgzpCL0xikrIb8WvedV553F2BENzgz23wFuok/HLN5BeQmroMy26pUwFxV2eV8oNRmYCUv8iO7kSMhw==}
    dependencies:
      '@vscode/l10n': 0.0.18
      vscode-languageserver-textdocument: 1.0.11
      vscode-languageserver-types: 3.17.5
      vscode-uri: 3.0.8
    dev: false

  /vscode-html-languageservice@5.3.0:
    resolution: {integrity: sha512-C4Z3KsP5Ih+fjHpiBc5jxmvCl+4iEwvXegIrzu2F5pktbWvQaBT3YkVPk8N+QlSSMk8oCG6PKtZ/Sq2YHb5e8g==}
    dependencies:
      '@vscode/l10n': 0.0.18
      vscode-languageserver-textdocument: 1.0.11
      vscode-languageserver-types: 3.17.5
      vscode-uri: 3.0.8
    dev: false

  /vscode-jsonrpc@8.2.0:
    resolution: {integrity: sha512-C+r0eKJUIfiDIfwJhria30+TYWPtuHJXHtI7J0YlOmKAo7ogxP20T0zxB7HZQIFhIyvoBPwWskjxrvAtfjyZfA==}
    engines: {node: '>=14.0.0'}
    dev: false

  /vscode-languageclient@9.0.1:
    resolution: {integrity: sha512-JZiimVdvimEuHh5olxhxkht09m3JzUGwggb5eRUkzzJhZ2KjCN0nh55VfiED9oez9DyF8/fz1g1iBV3h+0Z2EA==}
    engines: {vscode: ^1.82.0}
    dependencies:
      minimatch: 5.1.6
      semver: 7.6.3
      vscode-languageserver-protocol: 3.17.5
    dev: false

  /vscode-languageserver-protocol@3.17.5:
    resolution: {integrity: sha512-mb1bvRJN8SVznADSGWM9u/b07H7Ecg0I3OgXDuLdn307rl/J3A9YD6/eYOssqhecL27hK1IPZAsaqh00i/Jljg==}
    dependencies:
      vscode-jsonrpc: 8.2.0
      vscode-languageserver-types: 3.17.5
    dev: false

  /vscode-languageserver-textdocument@1.0.11:
    resolution: {integrity: sha512-X+8T3GoiwTVlJbicx/sIAF+yuJAqz8VvwJyoMVhwEMoEKE/fkDmrqUgDMyBECcM2A2frVZIUj5HI/ErRXCfOeA==}
    dev: false

  /vscode-languageserver-types@3.17.5:
    resolution: {integrity: sha512-Ld1VelNuX9pdF39h2Hgaeb5hEZM2Z3jUrrMgWQAu82jMtZp7p3vJT3BzToKtZI7NgQssZje5o0zryOrhQvzQAg==}
    dev: false

  /vscode-languageserver@9.0.1:
    resolution: {integrity: sha512-woByF3PDpkHFUreUa7Hos7+pUWdeWMXRd26+ZX2A8cFx6v/JPTtd4/uN0/jB6XQHYaOlHbio03NTHCqrgG5n7g==}
    hasBin: true
    dependencies:
      vscode-languageserver-protocol: 3.17.5
    dev: false

  /vscode-nls@5.2.0:
    resolution: {integrity: sha512-RAaHx7B14ZU04EU31pT+rKz2/zSl7xMsfIZuo8pd+KZO6PXtQmpevpq3vxvWNcrGbdmhM/rr5Uw5Mz+NBfhVng==}
    dev: false

  /vscode-uri@3.0.8:
    resolution: {integrity: sha512-AyFQ0EVmsOZOlAnxoFOGOq1SQDWAB7C6aqMGS23svWAllfOaxbuFvcT8D1i8z3Gyn8fraVeZNNmN6e9bxxXkKw==}
